
Microsoft Visual Studio Solution File, Format Version 12.00
# Visual Studio 14
VisualStudioVersion = 14.0.25123.0
MinimumVisualStudioVersion = 10.0.40219.1
Project("{FAE04EC0-301F-11D3-BF4B-00C04F79EFBC}") = "pumpkin", "pumpkin\pumpkin.csproj", "{FB0310B3-CF93-4E9E-B0C0-8EB24D64F72F}"
EndProject
Global
	GlobalSection(SolutionConfigurationPlatforms) = preSolution
		Debug|ARM = Debug|ARM
		Debug|x64 = Debug|x64
		Debug|x86 = Debug|x86
		Release|ARM = Release|ARM
		Release|x64 = Release|x64
		Release|x86 = Release|x86
	EndGlobalSection
	GlobalSection(ProjectConfigurationPlatforms) = postSolution
		{FB0310B3-CF93-4E9E-B0C0-8EB24D64F72F}.Debug|ARM.ActiveCfg = Debug|ARM
		{FB0310B3-CF93-4E9E-B0C0-8EB24D64F72F}.Debug|ARM.Build.0 = Debug|ARM
		{FB0310B3-CF93-4E9E-B0C0-8EB24D64F72F}.Debug|ARM.Deploy.0 = Debug|ARM
		{FB0310B3-CF93-4E9E-B0C0-8EB24D64F72F}.Debug|x64.ActiveCfg = Debug|x64
		{FB0310B3-CF93-4E9E-B0C0-8EB24D64F72F}.Debug|x64.Build.0 = Debug|x64
		{FB0310B3-CF93-4E9E-B0C0-8EB24D64F72F}.Debug|x64.Deploy.0 = Debug|x64
		{FB0310B3-CF93-4E9E-B0C0-8EB24D64F72F}.Debug|x86.ActiveCfg = Debug|x86
		{FB0310B3-CF93-4E9E-B0C0-8EB24D64F72F}.Debug|x86.Build.0 = Debug|x86
		{FB0310B3-CF93-4E9E-B0C0-8EB24D64F72F}.Debug|x86.Deploy.0 = Debug|x86
		{FB0310B3-CF93-4E9E-B0C0-8EB24D64F72F}.Release|ARM.ActiveCfg = Release|ARM
		{FB0310B3-CF93-4E9E-B0C0-8EB24D64F72F}.Release|ARM.Build.0 = Release|ARM
		{FB0310B3-CF93-4E9E-B0C0-8EB24D64F72F}.Release|ARM.Deploy.0 = Release|ARM
		{FB0310B3-CF93-4E9E-B0C0-8EB24D64F72F}.Release|x64.ActiveCfg = Release|x64
		{FB0310B3-CF93-4E9E-B0C0-8EB24D64F72F}.Release|x64.Build.0 = Release|x64
		{FB0310B3-CF93-4E9E-B0C0-8EB24D64F72F}.Release|x64.Deploy.0 = Release|x64
		{FB0310B3-CF93-4E9E-B0C0-8EB24D64F72F}.Release|x86.ActiveCfg = Release|x86
		{FB0310B3-CF93-4E9E-B0C0-8EB24D64F72F}.Release|x86.Build.0 = Release|x86
		{FB0310B3-CF93-4E9E-B0C0-8EB24D64F72F}.Release|x86.Deploy.0 = Release|x86
	EndGlobalSection
	GlobalSection(SolutionProperties) = preSolution
		HideSolutionNode = FALSE
	EndGlobalSection
EndGlobal
